
Microsoft Visual Studio Solution File, Format Version 12.00
# Visual Studio Version 16
VisualStudioVersion = 16.0.33423.256
MinimumVisualStudioVersion = 10.0.40219.1
Project("{FAE04EC0-301F-11D3-BF4B-00C04F79EFBC}") = "week 06", "week 06.csproj", "{9AA85689-DC70-4275-924C-0F25E9B76DF1}"
EndProject
Global
	GlobalSection(SolutionConfigurationPlatforms) = preSolution
		Debug|Any CPU = Debug|Any CPU
		Release|Any CPU = Release|Any CPU
	EndGlobalSection
	GlobalSection(ProjectConfigurationPlatforms) = postSolution
		{9AA85689-DC70-4275-924C-0F25E9B76DF1}.Debug|Any CPU.ActiveCfg = Debug|Any CPU
		{9AA85689-DC70-4275-924C-0F25E9B76DF1}.Debug|Any CPU.Build.0 = Debug|Any CPU
		{9AA85689-DC70-4275-924C-0F25E9B76DF1}.Release|Any CPU.ActiveCfg = Release|Any CPU
		{9AA85689-DC70-4275-924C-0F25E9B76DF1}.Release|Any CPU.Build.0 = Release|Any CPU
	EndGlobalSection
	GlobalSection(SolutionProperties) = preSolution
		HideSolutionNode = FALSE
	EndGlobalSection
	GlobalSection(ExtensibilityGlobals) = postSolution
		SolutionGuid = {6B2EF170-0A4A-4333-8ADC-E8D1C515B85A}
	EndGlobalSection
EndGlobal
